
Microsoft Visual Studio Solution File, Format Version 12.00
# Visual Studio 15
VisualStudioVersion = 15.0.28010.2046
MinimumVisualStudioVersion = 10.0.40219.1
Project("{FAE04EC0-301F-11D3-BF4B-00C04F79EFBC}") = "Test File", "Test File\Test File.csproj", "{C699857D-7711-4ACB-B362-94E7239BA42A}"
EndProject
Global
	GlobalSection(SolutionConfigurationPlatforms) = preSolution
		Debug|Any CPU = Debug|Any CPU
		Release|Any CPU = Release|Any CPU
	EndGlobalSection
	GlobalSection(ProjectConfigurationPlatforms) = postSolution
		{C699857D-7711-4ACB-B362-94E7239BA42A}.Debug|Any CPU.ActiveCfg = Debug|Any CPU
		{C699857D-7711-4ACB-B362-94E7239BA42A}.Debug|Any CPU.Build.0 = Debug|Any CPU
		{C699857D-7711-4ACB-B362-94E7239BA42A}.Release|Any CPU.ActiveCfg = Release|Any CPU
		{C699857D-7711-4ACB-B362-94E7239BA42A}.Release|Any CPU.Build.0 = Release|Any CPU
	EndGlobalSection
	GlobalSection(SolutionProperties) = preSolution
		HideSolutionNode = FALSE
	EndGlobalSection
	GlobalSection(ExtensibilityGlobals) = postSolution
		SolutionGuid = {84DC84A1-2FEB-4CDC-8C00-80B8C8D056C4}
	EndGlobalSection
EndGlobal
